#MicroXplorer Configuration settings - do not modify
Mcu.Family=STM32F1
RCC.PLLSourceVirtual=RCC_PLLSOURCE_HSE
ProjectManager.MainLocation=Core/Src
RCC.MCOFreq_Value=72000000
NVIC.CAN1_RX1_IRQn=true\:0\:0\:false\:false\:true\:true\:true
ProjectManager.ProjectFileName=CANopenSTM32-HAL.ioc
PD1-OSC_OUT.Mode=HSE-External-Oscillator
ProjectManager.KeepUserCode=true
Mcu.UserName=STM32F105R8Tx
Mcu.PinsNb=13
ProjectManager.NoMain=false
RCC.PLLCLKFreq_Value=72000000
CAN1.IPParameters=CalculateTimeQuantum,CalculateTimeBit,CalculateBaudRate,Prescaler,BS1
CAN1.CalculateBaudRate=500000
ProjectManager.functionlistsort=1-MX_GPIO_Init-GPIO-false-HAL-true,2-SystemClock_Config-RCC-false-HAL-false,3-MX_CAN1_Init-CAN1-false-HAL-true,4-MX_TIM6_Init-TIM6-false-HAL-true
PC0.GPIOParameters=PinState,GPIO_Label
TIM6.Prescaler=72
PC2.Signal=GPIO_Input
VP_TIM6_VS_ClockSourceINT.Mode=Enable_Timer
PC0.GPIO_Label=D4
RCC.ADCFreqValue=36000000
ProjectManager.DefaultFWLocation=true
PD0-OSC_IN.Signal=RCC_OSC_IN
ProjectManager.DeletePrevious=true
PC0.Signal=GPIO_Output
RCC.APB1CLKDivider=RCC_HCLK_DIV2
PC14-OSC32_IN.Signal=GPIO_Output
PC1.Locked=true
PC15-OSC32_OUT.GPIO_Label=D1
PinOutPanel.RotationAngle=0
RCC.FamilyName=M
RCC.I2S3Freq_Value=72000000
RCC.SYSCLKSource=RCC_SYSCLKSOURCE_PLLCLK
ProjectManager.StackSize=0x400
PD1-OSC_OUT.Signal=RCC_OSC_OUT
NVIC.TIM6_IRQn=true\:0\:0\:false\:false\:true\:true\:true
VP_TIM6_VS_ClockSourceINT.Signal=TIM6_VS_ClockSourceINT
PA13.Signal=SYS_JTMS-SWDIO
Mcu.IP4=TIM6
RCC.FCLKCortexFreq_Value=72000000
TIM6.AutoReloadPreload=TIM_AUTORELOAD_PRELOAD_ENABLE
NVIC.SVCall_IRQn=true\:0\:0\:false\:false\:true\:false\:false
Mcu.IP2=RCC
Mcu.IP3=SYS
Mcu.IP0=CAN1
Mcu.IP1=NVIC
PC15-OSC32_OUT.Locked=true
TIM6.IPParameters=Prescaler,Period,AutoReloadPreload
Mcu.UserConstants=
CAN1.BS1=CAN_BS1_6TQ
ProjectManager.TargetToolchain=STM32CubeIDE
PC1.GPIOParameters=PinState,GPIO_Label
NVIC.CAN1_TX_IRQn=true\:0\:0\:false\:false\:true\:true\:true
Mcu.ThirdPartyNb=0
RCC.HCLKFreq_Value=72000000
Mcu.IPNb=5
ProjectManager.PreviousToolchain=
PB9.Mode=CAN_Activate
RCC.APB2TimFreq_Value=72000000
PB9.Locked=true
Mcu.Pin6=PC2
PC2.Locked=true
Mcu.Pin7=PA13
ProjectManager.RegisterCallBack=
Mcu.Pin8=PA14
RCC.USBFreq_Value=48000000
Mcu.Pin9=PB8
NVIC.CAN1_SCE_IRQn=true\:0\:0\:false\:false\:true\:true\:true
PC1.PinState=GPIO_PIN_SET
PC15-OSC32_OUT.Signal=GPIO_Output
RCC.AHBFreq_Value=72000000
Mcu.Pin0=PC14-OSC32_IN
Mcu.Pin1=PC15-OSC32_OUT
Mcu.Pin2=PD0-OSC_IN
PD0-OSC_IN.Mode=HSE-External-Oscillator
Mcu.Pin3=PD1-OSC_OUT
Mcu.Pin4=PC0
Mcu.Pin5=PC1
ProjectManager.ProjectBuild=false
NVIC.UsageFault_IRQn=true\:0\:0\:false\:false\:true\:false\:false
NVIC.DebugMonitor_IRQn=true\:0\:0\:false\:false\:true\:false\:false
board=custom
NVIC.SysTick_IRQn=true\:0\:0\:false\:false\:true\:false\:true
ProjectManager.LastFirmware=true
RCC.PLLMUL=RCC_PLL_MUL9
RCC.VCOOutput2Freq_Value=8000000
ProjectManager.FirmwarePackage=STM32Cube FW_F1 V1.8.3
MxDb.Version=DB.6.0.21
RCC.APB2Freq_Value=72000000
ProjectManager.BackupPrevious=false
MxCube.Version=6.2.1
PA14.Mode=Serial_Wire
PC2.GPIOParameters=GPIO_PuPd,GPIO_Label
File.Version=6
PC1.GPIO_Label=D3
VP_SYS_VS_Systick.Mode=SysTick
PB8.Locked=true
NVIC.NonMaskableInt_IRQn=true\:0\:0\:false\:false\:true\:false\:false
PC15-OSC32_OUT.PinState=GPIO_PIN_SET
NVIC.PendSV_IRQn=true\:0\:0\:false\:false\:true\:false\:false
PC2.GPIO_PuPd=GPIO_PULLUP
TIM6.Period=1000
PA13.Mode=Serial_Wire
ProjectManager.FreePins=false
RCC.IPParameters=ADCFreqValue,AHBFreq_Value,APB1CLKDivider,APB1Freq_Value,APB1TimFreq_Value,APB2Freq_Value,APB2TimFreq_Value,FCLKCortexFreq_Value,FamilyName,HCLKFreq_Value,I2S2Freq_Value,I2S3Freq_Value,MCOFreq_Value,PLLCLKFreq_Value,PLLMUL,PLLSourceVirtual,SYSCLKFreq_VALUE,SYSCLKSource,TimSysFreq_Value,USBFreq_Value,VCOOutput2Freq_Value
ProjectManager.AskForMigrate=true
Mcu.Name=STM32F105R(8-B-C)Tx
ProjectManager.HalAssertFull=false
PC14-OSC32_IN.GPIOParameters=PinState,GPIO_Label
ProjectManager.ProjectName=CANopenSTM32-HAL
ProjectManager.UnderRoot=true
ProjectManager.CoupleFile=false
RCC.SYSCLKFreq_VALUE=72000000
CAN1.Prescaler=9
Mcu.Package=LQFP64
PB9.Signal=CAN1_TX
RCC.TimSysFreq_Value=72000000
RCC.I2S2Freq_Value=72000000
NVIC.ForceEnableDMAVector=true
PC14-OSC32_IN.PinState=GPIO_PIN_SET
KeepUserPlacement=false
NVIC.MemoryManagement_IRQn=true\:0\:0\:false\:false\:true\:false\:false
ProjectManager.CompilerOptimize=6
ProjectManager.ToolChainLocation=
VP_SYS_VS_Systick.Signal=SYS_VS_Systick
PA14.Signal=SYS_JTCK-SWCLK
ProjectManager.HeapSize=0x200
NVIC.HardFault_IRQn=true\:0\:0\:false\:false\:true\:false\:false
ProjectManager.ComputerToolchain=false
NVIC.PriorityGroup=NVIC_PRIORITYGROUP_4
Mcu.Pin11=VP_SYS_VS_Systick
Mcu.Pin12=VP_TIM6_VS_ClockSourceINT
PB8.Mode=CAN_Activate
Mcu.Pin10=PB9
RCC.APB1TimFreq_Value=72000000
PB8.Signal=CAN1_RX
NVIC.BusFault_IRQn=true\:0\:0\:false\:false\:true\:false\:false
PC14-OSC32_IN.GPIO_Label=D2
PC15-OSC32_OUT.GPIOParameters=PinState,GPIO_Label
RCC.APB1Freq_Value=36000000
CAN1.CalculateTimeBit=2000.00
PC2.GPIO_Label=S1
ProjectManager.CustomerFirmwarePackage=
PC0.PinState=GPIO_PIN_SET
PC0.Locked=true
ProjectManager.DeviceId=STM32F105R8Tx
PC14-OSC32_IN.Locked=true
PC1.Signal=GPIO_Output
ProjectManager.LibraryCopy=1
NVIC.CAN1_RX0_IRQn=true\:0\:0\:false\:false\:true\:true\:true
CAN1.CalculateTimeQuantum=250.0
isbadioc=false
